
Microsoft Visual Studio Solution File, Format Version 12.00
# Visual Studio Version 17
VisualStudioVersion = 17.2.32505.173
MinimumVisualStudioVersion = 10.0.40219.1
Project("{9A19103F-16F7-4668-BE54-9A1E7A4F7556}") = "JWTAPI", "JWTAPI.csproj", "{28973AB3-EDBA-42DD-90BA-4B7B0F3363E8}"
EndProject
Project("{FAE04EC0-301F-11D3-BF4B-00C04F79EFBC}") = "JWTAPI.UnitTests", "..\JWTAPI.UnitTests\JWTAPI.UnitTests.csproj", "{4CD2F70E-E0A0-478D-A10A-4BACA71B665D}"
EndProject
Global
	GlobalSection(SolutionConfigurationPlatforms) = preSolution
		Debug|Any CPU = Debug|Any CPU
		Release|Any CPU = Release|Any CPU
	EndGlobalSection
	GlobalSection(ProjectConfigurationPlatforms) = postSolution
		{28973AB3-EDBA-42DD-90BA-4B7B0F3363E8}.Debug|Any CPU.ActiveCfg = Debug|Any CPU
		{28973AB3-EDBA-42DD-90BA-4B7B0F3363E8}.Debug|Any CPU.Build.0 = Debug|Any CPU
		{28973AB3-EDBA-42DD-90BA-4B7B0F3363E8}.Release|Any CPU.ActiveCfg = Release|Any CPU
		{28973AB3-EDBA-42DD-90BA-4B7B0F3363E8}.Release|Any CPU.Build.0 = Release|Any CPU
		{4CD2F70E-E0A0-478D-A10A-4BACA71B665D}.Debug|Any CPU.ActiveCfg = Debug|Any CPU
		{4CD2F70E-E0A0-478D-A10A-4BACA71B665D}.Debug|Any CPU.Build.0 = Debug|Any CPU
		{4CD2F70E-E0A0-478D-A10A-4BACA71B665D}.Release|Any CPU.ActiveCfg = Release|Any CPU
		{4CD2F70E-E0A0-478D-A10A-4BACA71B665D}.Release|Any CPU.Build.0 = Release|Any CPU
	EndGlobalSection
	GlobalSection(SolutionProperties) = preSolution
		HideSolutionNode = FALSE
	EndGlobalSection
	GlobalSection(ExtensibilityGlobals) = postSolution
		SolutionGuid = {3D536E60-409B-47EB-9FEB-563EABB280FA}
	EndGlobalSection
EndGlobal
